{
  "version": 4,
  "terraform_version": "1.14.8",
  "serial": 6,
  "lineage": "dbde70c3-b1d5-8130-9ef7-6d0caec0dc60",
  "outputs": {},
  "resources": [
    {
      "mode": "managed",
      "type": "aws_security_group",
      "name": "allow_all",
      "provider": "provider[\"registry.terraform.io/hashicorp/aws\"]",
      "instances": [
        {
          "schema_version": 1,
          "attributes": {
            "arn": "arn:aws:ec2:us-east-1:700392259328:security-group/sg-01281e406d78090f6",
            "description": "Managed by Terraform",
            "egress": [
              {
                "cidr_blocks": [
                  "0.0.0.0/0"
                ],
                "description": "",
                "from_port": 0,
                "ipv6_cidr_blocks": [],
                "prefix_list_ids": [],
                "protocol": "-1",
                "security_groups": [],
                "self": false,
                "to_port": 0
              }
            ],
            "id": "sg-01281e406d78090f6",
            "ingress": [
              {
                "cidr_blocks": [
                  "0.0.0.0/0"
                ],
                "description": "",
                "from_port": 0,
                "ipv6_cidr_blocks": [],
                "prefix_list_ids": [],
                "protocol": "-1",
                "security_groups": [],
                "self": false,
                "to_port": 0
              }
            ],
            "name": "allow-all",
            "name_prefix": "",
            "owner_id": "700392259328",
            "region": "us-east-1",
            "revoke_rules_on_delete": false,
            "tags": {
              "Application": "DevOps",
              "DR": "NA",
              "Environment": "nonProd",
              "ManagedBy": "AwsConsole",
              "Name": "test-1"
            },
            "tags_all": {
              "Application": "DevOps",
              "DR": "NA",
              "Environment": "nonProd",
              "ManagedBy": "AwsConsole",
              "Name": "test-1"
            },
            "timeouts": null,
            "vpc_id": "vpc-2af70e52"
          },
          "sensitive_attributes": [],
          "identity_schema_version": 0,
          "identity": {
            "account_id": "700392259328",
            "id": "sg-01281e406d78090f6",
            "region": "us-east-1"
          },
          "private": "eyJlMmJmYjczMC1lY2FhLTExZTYtOGY4OC0zNDM2M2JjN2M0YzAiOnsiY3JlYXRlIjo2MDAwMDAwMDAwMDAsImRlbGV0ZSI6OTAwMDAwMDAwMDAwfSwic2NoZW1hX3ZlcnNpb24iOiIxIn0="
        }
      ]
    }
  ],
  "check_results": null
}
